// !$*UTF8*$!
{
	archiveVersion = 1;
	classes = {
	};
	objectVersion = 55;
	objects = {

/* Begin PBXBuildFile section */
		F58164F9283E589D008E7CA2 /* TaskManagerApp.swift in Sources */ = {isa = PBXBuildFile; fileRef = F58164F8283E589D008E7CA2 /* TaskManagerApp.swift */; };
		F58164FB283E589D008E7CA2 /* ContentView.swift in Sources */ = {isa = PBXBuildFile; fileRef = F58164FA283E589D008E7CA2 /* ContentView.swift */; };
		F58164FD283E589E008E7CA2 /* Assets.xcassets in Resources */ = {isa = PBXBuildFile; fileRef = F58164FC283E589E008E7CA2 /* Assets.xcassets */; };
		F5816500283E589E008E7CA2 /* Preview Assets.xcassets in Resources */ = {isa = PBXBuildFile; fileRef = F58164FF283E589E008E7CA2 /* Preview Assets.xcassets */; };
		F5816502283E589E008E7CA2 /* Persistence.swift in Sources */ = {isa = PBXBuildFile; fileRef = F5816501283E589E008E7CA2 /* Persistence.swift */; };
		F5816505283E589E008E7CA2 /* TaskManager.xcdatamodeld in Sources */ = {isa = PBXBuildFile; fileRef = F5816503283E589E008E7CA2 /* TaskManager.xcdatamodeld */; };
		F581650F283E589E008E7CA2 /* TaskManagerTests.swift in Sources */ = {isa = PBXBuildFile; fileRef = F581650E283E589E008E7CA2 /* TaskManagerTests.swift */; };
		F5816519283E589E008E7CA2 /* TaskManagerUITests.swift in Sources */ = {isa = PBXBuildFile; fileRef = F5816518283E589E008E7CA2 /* TaskManagerUITests.swift */; };
		F581651B283E589E008E7CA2 /* TaskManagerUITestsLaunchTests.swift in Sources */ = {isa = PBXBuildFile; fileRef = F581651A283E589E008E7CA2 /* TaskManagerUITestsLaunchTests.swift */; };
		F581652A283E5A18008E7CA2 /* Home.swift in Sources */ = {isa = PBXBuildFile; fileRef = F5816529283E5A18008E7CA2 /* Home.swift */; };
		F581652D283F5B0C008E7CA2 /* TaskViewModel.swift in Sources */ = {isa = PBXBuildFile; fileRef = F581652C283F5B0C008E7CA2 /* TaskViewModel.swift */; };
		F581652F283F6031008E7CA2 /* AddNewTask.swift in Sources */ = {isa = PBXBuildFile; fileRef = F581652E283F6031008E7CA2 /* AddNewTask.swift */; };
		F5816531283FAD89008E7CA2 /* DynamicFilteredView.swift in Sources */ = {isa = PBXBuildFile; fileRef = F5816530283FAD89008E7CA2 /* DynamicFilteredView.swift */; };
/* End PBXBuildFile section */

/* Begin PBXContainerItemProxy section */
		F581650B283E589E008E7CA2 /* PBXContainerItemProxy */ = {
			isa = PBXContainerItemProxy;
			containerPortal = F58164ED283E589D008E7CA2 /* Project object */;
			proxyType = 1;
			remoteGlobalIDString = F58164F4283E589D008E7CA2;
			remoteInfo = TaskManager;
		};
		F5816515283E589E008E7CA2 /* PBXContainerItemProxy */ = {
			isa = PBXContainerItemProxy;
			containerPortal = F58164ED283E589D008E7CA2 /* Project object */;
			proxyType = 1;
			remoteGlobalIDString = F58164F4283E589D008E7CA2;
			remoteInfo = TaskManager;
		};
/* End PBXContainerItemProxy section */

/* Begin PBXFileReference section */
		F58164F5283E589D008E7CA2 /* TaskManager.app */ = {isa = PBXFileReference; explicitFileType = wrapper.application; includeInIndex = 0; path = TaskManager.app; sourceTree = BUILT_PRODUCTS_DIR; };
		F58164F8283E589D008E7CA2 /* TaskManagerApp.swift */ = {isa = PBXFileReference; lastKnownFileType = sourcecode.swift; path = TaskManagerApp.swift; sourceTree = "<group>"; };
		F58164FA283E589D008E7CA2 /* ContentView.swift */ = {isa = PBXFileReference; lastKnownFileType = sourcecode.swift; path = ContentView.swift; sourceTree = "<group>"; };
		F58164FC283E589E008E7CA2 /* Assets.xcassets */ = {isa = PBXFileReference; lastKnownFileType = folder.assetcatalog; path = Assets.xcassets; sourceTree = "<group>"; };
		F58164FF283E589E008E7CA2 /* Preview Assets.xcassets */ = {isa = PBXFileReference; lastKnownFileType = folder.assetcatalog; path = "Preview Assets.xcassets"; sourceTree = "<group>"; };
		F5816501283E589E008E7CA2 /* Persistence.swift */ = {isa = PBXFileReference; lastKnownFileType = sourcecode.swift; path = Persistence.swift; sourceTree = "<group>"; };
		F5816504283E589E008E7CA2 /* TaskManager.xcdatamodel */ = {isa = PBXFileReference; lastKnownFileType = wrapper.xcdatamodel; path = TaskManager.xcdatamodel; sourceTree = "<group>"; };
		F581650A283E589E008E7CA2 /* TaskManagerTests.xctest */ = {isa = PBXFileReference; explicitFileType = wrapper.cfbundle; includeInIndex = 0; path = TaskManagerTests.xctest; sourceTree = BUILT_PRODUCTS_DIR; };
		F581650E283E589E008E7CA2 /* TaskManagerTests.swift */ = {isa = PBXFileReference; lastKnownFileType = sourcecode.swift; path = TaskManagerTests.swift; sourceTree = "<group>"; };
		F5816514283E589E008E7CA2 /* TaskManagerUITests.xctest */ = {isa = PBXFileReference; explicitFileType = wrapper.cfbundle; includeInIndex = 0; path = TaskManagerUITests.xctest; sourceTree = BUILT_PRODUCTS_DIR; };
		F5816518283E589E008E7CA2 /* TaskManagerUITests.swift */ = {isa = PBXFileReference; lastKnownFileType = sourcecode.swift; path = TaskManagerUITests.swift; sourceTree = "<group>"; };
		F581651A283E589E008E7CA2 /* TaskManagerUITestsLaunchTests.swift */ = {isa = PBXFileReference; lastKnownFileType = sourcecode.swift; path = TaskManagerUITestsLaunchTests.swift; sourceTree = "<group>"; };
		F5816529283E5A18008E7CA2 /* Home.swift */ = {isa = PBXFileReference; lastKnownFileType = sourcecode.swift; path = Home.swift; sourceTree = "<group>"; };
		F581652C283F5B0C008E7CA2 /* TaskViewModel.swift */ = {isa = PBXFileReference; lastKnownFileType = sourcecode.swift; path = TaskViewModel.swift; sourceTree = "<group>"; };
		F581652E283F6031008E7CA2 /* AddNewTask.swift */ = {isa = PBXFileReference; lastKnownFileType = sourcecode.swift; path = AddNewTask.swift; sourceTree = "<group>"; };
		F5816530283FAD89008E7CA2 /* DynamicFilteredView.swift */ = {isa = PBXFileReference; lastKnownFileType = sourcecode.swift; path = DynamicFilteredView.swift; sourceTree = "<group>"; };
/* End PBXFileReference section */

/* Begin PBXFrameworksBuildPhase section */
		F58164F2283E589D008E7CA2 /* Frameworks */ = {
			isa = PBXFrameworksBuildPhase;
			buildActionMask = 2147483647;
			files = (
			);
			runOnlyForDeploymentPostprocessing = 0;
		};
		F5816507283E589E008E7CA2 /* Frameworks */ = {
			isa = PBXFrameworksBuildPhase;
			buildActionMask = 2147483647;
			files = (
			);
			runOnlyForDeploymentPostprocessing = 0;
		};
		F5816511283E589E008E7CA2 /* Frameworks */ = {
			isa = PBXFrameworksBuildPhase;
			buildActionMask = 2147483647;
			files = (
			);
			runOnlyForDeploymentPostprocessing = 0;
		};
/* End PBXFrameworksBuildPhase section */

/* Begin PBXGroup section */
		F58164EC283E589D008E7CA2 = {
			isa = PBXGroup;
			children = (
				F58164F7283E589D008E7CA2 /* TaskManager */,
				F581650D283E589E008E7CA2 /* TaskManagerTests */,
				F5816517283E589E008E7CA2 /* TaskManagerUITests */,
				F58164F6283E589D008E7CA2 /* Products */,
			);
			sourceTree = "<group>";
		};
		F58164F6283E589D008E7CA2 /* Products */ = {
			isa = PBXGroup;
			children = (
				F58164F5283E589D008E7CA2 /* TaskManager.app */,
				F581650A283E589E008E7CA2 /* TaskManagerTests.xctest */,
				F5816514283E589E008E7CA2 /* TaskManagerUITests.xctest */,
			);
			name = Products;
			sourceTree = "<group>";
		};
		F58164F7283E589D008E7CA2 /* TaskManager */ = {
			isa = PBXGroup;
			children = (
				F5816528283E59F2008E7CA2 /* ViewModel */,
				F5816527283E59E1008E7CA2 /* View */,
				F58164F8283E589D008E7CA2 /* TaskManagerApp.swift */,
				F58164FA283E589D008E7CA2 /* ContentView.swift */,
				F5816501283E589E008E7CA2 /* Persistence.swift */,
				F58164FC283E589E008E7CA2 /* Assets.xcassets */,
				F5816503283E589E008E7CA2 /* TaskManager.xcdatamodeld */,
				F58164FE283E589E008E7CA2 /* Preview Content */,
			);
			path = TaskManager;
			sourceTree = "<group>";
		};
		F58164FE283E589E008E7CA2 /* Preview Content */ = {
			isa = PBXGroup;
			children = (
				F58164FF283E589E008E7CA2 /* Preview Assets.xcassets */,
			);
			path = "Preview Content";
			sourceTree = "<group>";
		};
		F581650D283E589E008E7CA2 /* TaskManagerTests */ = {
			isa = PBXGroup;
			children = (
				F581650E283E589E008E7CA2 /* TaskManagerTests.swift */,
			);
			path = TaskManagerTests;
			sourceTree = "<group>";
		};
		F5816517283E589E008E7CA2 /* TaskManagerUITests */ = {
			isa = PBXGroup;
			children = (
				F5816518283E589E008E7CA2 /* TaskManagerUITests.swift */,
				F581651A283E589E008E7CA2 /* TaskManagerUITestsLaunchTests.swift */,
			);
			path = TaskManagerUITests;
			sourceTree = "<group>";
		};
		F5816527283E59E1008E7CA2 /* View */ = {
			isa = PBXGroup;
			children = (
				F5816529283E5A18008E7CA2 /* Home.swift */,
				F581652E283F6031008E7CA2 /* AddNewTask.swift */,
				F5816530283FAD89008E7CA2 /* DynamicFilteredView.swift */,
			);
			path = View;
			sourceTree = "<group>";
		};
		F5816528283E59F2008E7CA2 /* ViewModel */ = {
			isa = PBXGroup;
			children = (
				F581652C283F5B0C008E7CA2 /* TaskViewModel.swift */,
			);
			path = ViewModel;
			sourceTree = "<group>";
		};
/* End PBXGroup section */

/* Begin PBXNativeTarget section */
		F58164F4283E589D008E7CA2 /* TaskManager */ = {
			isa = PBXNativeTarget;
			buildConfigurationList = F581651E283E589E008E7CA2 /* Build configuration list for PBXNativeTarget "TaskManager" */;
			buildPhases = (
				F58164F1283E589D008E7CA2 /* Sources */,
				F58164F2283E589D008E7CA2 /* Frameworks */,
				F58164F3283E589D008E7CA2 /* Resources */,
			);
			buildRules = (
			);
			dependencies = (
			);
			name = TaskManager;
			productName = TaskManager;
			productReference = F58164F5283E589D008E7CA2 /* TaskManager.app */;
			productType = "com.apple.product-type.application";
		};
		F5816509283E589E008E7CA2 /* TaskManagerTests */ = {
			isa = PBXNativeTarget;
			buildConfigurationList = F5816521283E589E008E7CA2 /* Build configuration list for PBXNativeTarget "TaskManagerTests" */;
			buildPhases = (
				F5816506283E589E008E7CA2 /* Sources */,
				F5816507283E589E008E7CA2 /* Frameworks */,
				F5816508283E589E008E7CA2 /* Resources */,
			);
			buildRules = (
			);
			dependencies = (
				F581650C283E589E008E7CA2 /* PBXTargetDependency */,
			);
			name = TaskManagerTests;
			productName = TaskManagerTests;
			productReference = F581650A283E589E008E7CA2 /* TaskManagerTests.xctest */;
			productType = "com.apple.product-type.bundle.unit-test";
		};
		F5816513283E589E008E7CA2 /* TaskManagerUITests */ = {
			isa = PBXNativeTarget;
			buildConfigurationList = F5816524283E589E008E7CA2 /* Build configuration list for PBXNativeTarget "TaskManagerUITests" */;
			buildPhases = (
				F5816510283E589E008E7CA2 /* Sources */,
				F5816511283E589E008E7CA2 /* Frameworks */,
				F5816512283E589E008E7CA2 /* Resources */,
			);
			buildRules = (
			);
			dependencies = (
				F5816516283E589E008E7CA2 /* PBXTargetDependency */,
			);
			name = TaskManagerUITests;
			productName = TaskManagerUITests;
			productReference = F5816514283E589E008E7CA2 /* TaskManagerUITests.xctest */;
			productType = "com.apple.product-type.bundle.ui-testing";
		};
/* End PBXNativeTarget section */

/* Begin PBXProject section */
		F58164ED283E589D008E7CA2 /* Project object */ = {
			isa = PBXProject;
			attributes = {
				BuildIndependentTargetsInParallel = 1;
				LastSwiftUpdateCheck = 1320;
				LastUpgradeCheck = 1320;
				TargetAttributes = {
					F58164F4283E589D008E7CA2 = {
						CreatedOnToolsVersion = 13.2.1;
					};
					F5816509283E589E008E7CA2 = {
						CreatedOnToolsVersion = 13.2.1;
						TestTargetID = F58164F4283E589D008E7CA2;
					};
					F5816513283E589E008E7CA2 = {
						CreatedOnToolsVersion = 13.2.1;
						TestTargetID = F58164F4283E589D008E7CA2;
					};
				};
			};
			buildConfigurationList = F58164F0283E589D008E7CA2 /* Build configuration list for PBXProject "TaskManager" */;
			compatibilityVersion = "Xcode 13.0";
			developmentRegion = en;
			hasScannedForEncodings = 0;
			knownRegions = (
				en,
				Base,
			);
			mainGroup = F58164EC283E589D008E7CA2;
			productRefGroup = F58164F6283E589D008E7CA2 /* Products */;
			projectDirPath = "";
			projectRoot = "";
			targets = (
				F58164F4283E589D008E7CA2 /* TaskManager */,
				F5816509283E589E008E7CA2 /* TaskManagerTests */,
				F5816513283E589E008E7CA2 /* TaskManagerUITests */,
			);
		};
/* End PBXProject section */

/* Begin PBXResourcesBuildPhase section */
		F58164F3283E589D008E7CA2 /* Resources */ = {
			isa = PBXResourcesBuildPhase;
			buildActionMask = 2147483647;
			files = (
				F5816500283E589E008E7CA2 /* Preview Assets.xcassets in Resources */,
				F58164FD283E589E008E7CA2 /* Assets.xcassets in Resources */,
			);
			runOnlyForDeploymentPostprocessing = 0;
		};
		F5816508283E589E008E7CA2 /* Resources */ = {
			isa = PBXResourcesBuildPhase;
			buildActionMask = 2147483647;
			files = (
			);
			runOnlyForDeploymentPostprocessing = 0;
		};
		F5816512283E589E008E7CA2 /* Resources */ = {
			isa = PBXResourcesBuildPhase;
			buildActionMask = 2147483647;
			files = (
			);
			runOnlyForDeploymentPostprocessing = 0;
		};
/* End PBXResourcesBuildPhase section */

/* Begin PBXSourcesBuildPhase section */
		F58164F1283E589D008E7CA2 /* Sources */ = {
			isa = PBXSourcesBuildPhase;
			buildActionMask = 2147483647;
			files = (
				F5816502283E589E008E7CA2 /* Persistence.swift in Sources */,
				F581652D283F5B0C008E7CA2 /* TaskViewModel.swift in Sources */,
				F58164FB283E589D008E7CA2 /* ContentView.swift in Sources */,
				F5816531283FAD89008E7CA2 /* DynamicFilteredView.swift in Sources */,
				F581652A283E5A18008E7CA2 /* Home.swift in Sources */,
				F581652F283F6031008E7CA2 /* AddNewTask.swift in Sources */,
				F5816505283E589E008E7CA2 /* TaskManager.xcdatamodeld in Sources */,
				F58164F9283E589D008E7CA2 /* TaskManagerApp.swift in Sources */,
			);
			runOnlyForDeploymentPostprocessing = 0;
		};
		F5816506283E589E008E7CA2 /* Sources */ = {
			isa = PBXSourcesBuildPhase;
			buildActionMask = 2147483647;
			files = (
				F581650F283E589E008E7CA2 /* TaskManagerTests.swift in Sources */,
			);
			runOnlyForDeploymentPostprocessing = 0;
		};
		F5816510283E589E008E7CA2 /* Sources */ = {
			isa = PBXSourcesBuildPhase;
			buildActionMask = 2147483647;
			files = (
				F5816519283E589E008E7CA2 /* TaskManagerUITests.swift in Sources */,
				F581651B283E589E008E7CA2 /* TaskManagerUITestsLaunchTests.swift in Sources */,
			);
			runOnlyForDeploymentPostprocessing = 0;
		};
/* End PBXSourcesBuildPhase section */

/* Begin PBXTargetDependency section */
		F581650C283E589E008E7CA2 /* PBXTargetDependency */ = {
			isa = PBXTargetDependency;
			target = F58164F4283E589D008E7CA2 /* TaskManager */;
			targetProxy = F581650B283E589E008E7CA2 /* PBXContainerItemProxy */;
		};
		F5816516283E589E008E7CA2 /* PBXTargetDependency */ = {
			isa = PBXTargetDependency;
			target = F58164F4283E589D008E7CA2 /* TaskManager */;
			targetProxy = F5816515283E589E008E7CA2 /* PBXContainerItemProxy */;
		};
/* End PBXTargetDependency section */

/* Begin XCBuildConfiguration section */
		F581651C283E589E008E7CA2 /* Debug */ = {
			isa = XCBuildConfiguration;
			buildSettings = {
				ALWAYS_SEARCH_USER_PATHS = NO;
				CLANG_ANALYZER_NONNULL = YES;
				CLANG_ANALYZER_NUMBER_OBJECT_CONVERSION = YES_AGGRESSIVE;
				CLANG_CXX_LANGUAGE_STANDARD = "gnu++17";
				CLANG_CXX_LIBRARY = "libc++";
				CLANG_ENABLE_MODULES = YES;
				CLANG_ENABLE_OBJC_ARC = YES;
				CLANG_ENABLE_OBJC_WEAK = YES;
				CLANG_WARN_BLOCK_CAPTURE_AUTORELEASING = YES;
				CLANG_WARN_BOOL_CONVERSION = YES;
				CLANG_WARN_COMMA = YES;
				CLANG_WARN_CONSTANT_CONVERSION = YES;
				CLANG_WARN_DEPRECATED_OBJC_IMPLEMENTATIONS = YES;
				CLANG_WARN_DIRECT_OBJC_ISA_USAGE = YES_ERROR;
				CLANG_WARN_DOCUMENTATION_COMMENTS = YES;
				CLANG_WARN_EMPTY_BODY = YES;
				CLANG_WARN_ENUM_CONVERSION = YES;
				CLANG_WARN_INFINITE_RECURSION = YES;
				CLANG_WARN_INT_CONVERSION = YES;
				CLANG_WARN_NON_LITERAL_NULL_CONVERSION = YES;
				CLANG_WARN_OBJC_IMPLICIT_RETAIN_SELF = YES;
				CLANG_WARN_OBJC_LITERAL_CONVERSION = YES;
				CLANG_WARN_OBJC_ROOT_CLASS = YES_ERROR;
				CLANG_WARN_QUOTED_INCLUDE_IN_FRAMEWORK_HEADER = YES;
				CLANG_WARN_RANGE_LOOP_ANALYSIS = YES;
				CLANG_WARN_STRICT_PROTOTYPES = YES;
				CLANG_WARN_SUSPICIOUS_MOVE = YES;
				CLANG_WARN_UNGUARDED_AVAILABILITY = YES_AGGRESSIVE;
				CLANG_WARN_UNREACHABLE_CODE = YES;
				CLANG_WARN__DUPLICATE_METHOD_MATCH = YES;
				COPY_PHASE_STRIP = NO;
				DEBUG_INFORMATION_FORMAT = dwarf;
				ENABLE_STRICT_OBJC_MSGSEND = YES;
				ENABLE_TESTABILITY = YES;
				GCC_C_LANGUAGE_STANDARD = gnu11;
				GCC_DYNAMIC_NO_PIC = NO;
				GCC_NO_COMMON_BLOCKS = YES;
				GCC_OPTIMIZATION_LEVEL = 0;
				GCC_PREPROCESSOR_DEFINITIONS = (
					"DEBUG=1",
					"$(inherited)",
				);
				GCC_WARN_64_TO_32_BIT_CONVERSION = YES;
				GCC_WARN_ABOUT_RETURN_TYPE = YES_ERROR;
				GCC_WARN_UNDECLARED_SELECTOR = YES;
				GCC_WARN_UNINITIALIZED_AUTOS = YES_AGGRESSIVE;
				GCC_WARN_UNUSED_FUNCTION = YES;
				GCC_WARN_UNUSED_VARIABLE = YES;
				IPHONEOS_DEPLOYMENT_TARGET = 15.2;
				MTL_ENABLE_DEBUG_INFO = INCLUDE_SOURCE;
				MTL_FAST_MATH = YES;
				ONLY_ACTIVE_ARCH = YES;
				SDKROOT = iphoneos;
				SWIFT_ACTIVE_COMPILATION_CONDITIONS = DEBUG;
				SWIFT_OPTIMIZATION_LEVEL = "-Onone";
			};
			name = Debug;
		};
		F581651D283E589E008E7CA2 /* Release */ = {
			isa = XCBuildConfiguration;
			buildSettings = {
				ALWAYS_SEARCH_USER_PATHS = NO;
				CLANG_ANALYZER_NONNULL = YES;
				CLANG_ANALYZER_NUMBER_OBJECT_CONVERSION = YES_AGGRESSIVE;
				CLANG_CXX_LANGUAGE_STANDARD = "gnu++17";
				CLANG_CXX_LIBRARY = "libc++";
				CLANG_ENABLE_MODULES = YES;
				CLANG_ENABLE_OBJC_ARC = YES;
				CLANG_ENABLE_OBJC_WEAK = YES;
				CLANG_WARN_BLOCK_CAPTURE_AUTORELEASING = YES;
				CLANG_WARN_BOOL_CONVERSION = YES;
				CLANG_WARN_COMMA = YES;
				CLANG_WARN_CONSTANT_CONVERSION = YES;
				CLANG_WARN_DEPRECATED_OBJC_IMPLEMENTATIONS = YES;
				CLANG_WARN_DIRECT_OBJC_ISA_USAGE = YES_ERROR;
				CLANG_WARN_DOCUMENTATION_COMMENTS = YES;
				CLANG_WARN_EMPTY_BODY = YES;
				CLANG_WARN_ENUM_CONVERSION = YES;
				CLANG_WARN_INFINITE_RECURSION = YES;
				CLANG_WARN_INT_CONVERSION = YES;
				CLANG_WARN_NON_LITERAL_NULL_CONVERSION = YES;
				CLANG_WARN_OBJC_IMPLICIT_RETAIN_SELF = YES;
				CLANG_WARN_OBJC_LITERAL_CONVERSION = YES;
				CLANG_WARN_OBJC_ROOT_CLASS = YES_ERROR;
				CLANG_WARN_QUOTED_INCLUDE_IN_FRAMEWORK_HEADER = YES;
				CLANG_WARN_RANGE_LOOP_ANALYSIS = YES;
				CLANG_WARN_STRICT_PROTOTYPES = YES;
				CLANG_WARN_SUSPICIOUS_MOVE = YES;
				CLANG_WARN_UNGUARDED_AVAILABILITY = YES_AGGRESSIVE;
				CLANG_WARN_UNREACHABLE_CODE = YES;
				CLANG_WARN__DUPLICATE_METHOD_MATCH = YES;
				COPY_PHASE_STRIP = NO;
				DEBUG_INFORMATION_FORMAT = "dwarf-with-dsym";
				ENABLE_NS_ASSERTIONS = NO;
				ENABLE_STRICT_OBJC_MSGSEND = YES;
				GCC_C_LANGUAGE_STANDARD = gnu11;
				GCC_NO_COMMON_BLOCKS = YES;
				GCC_WARN_64_TO_32_BIT_CONVERSION = YES;
				GCC_WARN_ABOUT_RETURN_TYPE = YES_ERROR;
				GCC_WARN_UNDECLARED_SELECTOR = YES;
				GCC_WARN_UNINITIALIZED_AUTOS = YES_AGGRESSIVE;
				GCC_WARN_UNUSED_FUNCTION = YES;
				GCC_WARN_UNUSED_VARIABLE = YES;
				IPHONEOS_DEPLOYMENT_TARGET = 15.2;
				MTL_ENABLE_DEBUG_INFO = NO;
				MTL_FAST_MATH = YES;
				SDKROOT = iphoneos;
				SWIFT_COMPILATION_MODE = wholemodule;
				SWIFT_OPTIMIZATION_LEVEL = "-O";
				VALIDATE_PRODUCT = YES;
			};
			name = Release;
		};
		F581651F283E589E008E7CA2 /* Debug */ = {
			isa = XCBuildConfiguration;
			buildSettings = {
				ASSETCATALOG_COMPILER_APPICON_NAME = AppIcon;
				ASSETCATALOG_COMPILER_GLOBAL_ACCENT_COLOR_NAME = AccentColor;
				CODE_SIGN_STYLE = Automatic;
				CURRENT_PROJECT_VERSION = 1;
				DEVELOPMENT_ASSET_PATHS = "\"TaskManager/Preview Content\"";
				DEVELOPMENT_TEAM = 66WJ77VJ88;
				ENABLE_PREVIEWS = YES;
				GENERATE_INFOPLIST_FILE = YES;
				INFOPLIST_KEY_UIApplicationSceneManifest_Generation = YES;
				INFOPLIST_KEY_UIApplicationSupportsIndirectInputEvents = YES;
				INFOPLIST_KEY_UILaunchScreen_Generation = YES;
				INFOPLIST_KEY_UISupportedInterfaceOrientations_iPad = "UIInterfaceOrientationPortrait UIInterfaceOrientationPortraitUpsideDown UIInterfaceOrientationLandscapeLeft UIInterfaceOrientationLandscapeRight";
				INFOPLIST_KEY_UISupportedInterfaceOrientations_iPhone = "UIInterfaceOrientationPortrait UIInterfaceOrientationLandscapeLeft UIInterfaceOrientationLandscapeRight";
				LD_RUNPATH_SEARCH_PATHS = (
					"$(inherited)",
					"@executable_path/Frameworks",
				);
				MARKETING_VERSION = 1.0;
				PRODUCT_BUNDLE_IDENTIFIER = learn.TaskManager;
				PRODUCT_NAME = "$(TARGET_NAME)";
				SWIFT_EMIT_LOC_STRINGS = YES;
				SWIFT_VERSION = 5.0;
				TARGETED_DEVICE_FAMILY = "1,2";
			};
			name = Debug;
		};
		F5816520283E589E008E7CA2 /* Release */ = {
			isa = XCBuildConfiguration;
			buildSettings = {
				ASSETCATALOG_COMPILER_APPICON_NAME = AppIcon;
				ASSETCATALOG_COMPILER_GLOBAL_ACCENT_COLOR_NAME = AccentColor;
				CODE_SIGN_STYLE = Automatic;
				CURRENT_PROJECT_VERSION = 1;
				DEVELOPMENT_ASSET_PATHS = "\"TaskManager/Preview Content\"";
				DEVELOPMENT_TEAM = 66WJ77VJ88;
				ENABLE_PREVIEWS = YES;
				GENERATE_INFOPLIST_FILE = YES;
				INFOPLIST_KEY_UIApplicationSceneManifest_Generation = YES;
				INFOPLIST_KEY_UIApplicationSupportsIndirectInputEvents = YES;
				INFOPLIST_KEY_UILaunchScreen_Generation = YES;
				INFOPLIST_KEY_UISupportedInterfaceOrientations_iPad = "UIInterfaceOrientationPortrait UIInterfaceOrientationPortraitUpsideDown UIInterfaceOrientationLandscapeLeft UIInterfaceOrientationLandscapeRight";
				INFOPLIST_KEY_UISupportedInterfaceOrientations_iPhone = "UIInterfaceOrientationPortrait UIInterfaceOrientationLandscapeLeft UIInterfaceOrientationLandscapeRight";
				LD_RUNPATH_SEARCH_PATHS = (
					"$(inherited)",
					"@executable_path/Frameworks",
				);
				MARKETING_VERSION = 1.0;
				PRODUCT_BUNDLE_IDENTIFIER = learn.TaskManager;
				PRODUCT_NAME = "$(TARGET_NAME)";
				SWIFT_EMIT_LOC_STRINGS = YES;
				SWIFT_VERSION = 5.0;
				TARGETED_DEVICE_FAMILY = "1,2";
			};
			name = Release;
		};
		F5816522283E589E008E7CA2 /* Debug */ = {
			isa = XCBuildConfiguration;
			buildSettings = {
				ALWAYS_EMBED_SWIFT_STANDARD_LIBRARIES = YES;
				BUNDLE_LOADER = "$(TEST_HOST)";
				CODE_SIGN_STYLE = Automatic;
				CURRENT_PROJECT_VERSION = 1;
				DEVELOPMENT_TEAM = 66WJ77VJ88;
				GENERATE_INFOPLIST_FILE = YES;
				IPHONEOS_DEPLOYMENT_TARGET = 15.2;
				MARKETING_VERSION = 1.0;
				PRODUCT_BUNDLE_IDENTIFIER = learn.TaskManagerTests;
				PRODUCT_NAME = "$(TARGET_NAME)";
				SWIFT_EMIT_LOC_STRINGS = NO;
				SWIFT_VERSION = 5.0;
				TARGETED_DEVICE_FAMILY = "1,2";
				TEST_HOST = "$(BUILT_PRODUCTS_DIR)/TaskManager.app/TaskManager";
			};
			name = Debug;
		};
		F5816523283E589E008E7CA2 /* Release */ = {
			isa = XCBuildConfiguration;
			buildSettings = {
				ALWAYS_EMBED_SWIFT_STANDARD_LIBRARIES = YES;
				BUNDLE_LOADER = "$(TEST_HOST)";
				CODE_SIGN_STYLE = Automatic;
				CURRENT_PROJECT_VERSION = 1;
				DEVELOPMENT_TEAM = 66WJ77VJ88;
				GENERATE_INFOPLIST_FILE = YES;
				IPHONEOS_DEPLOYMENT_TARGET = 15.2;
				MARKETING_VERSION = 1.0;
				PRODUCT_BUNDLE_IDENTIFIER = learn.TaskManagerTests;
				PRODUCT_NAME = "$(TARGET_NAME)";
				SWIFT_EMIT_LOC_STRINGS = NO;
				SWIFT_VERSION = 5.0;
				TARGETED_DEVICE_FAMILY = "1,2";
				TEST_HOST = "$(BUILT_PRODUCTS_DIR)/TaskManager.app/TaskManager";
			};
			name = Release;
		};
		F5816525283E589E008E7CA2 /* Debug */ = {
			isa = XCBuildConfiguration;
			buildSettings = {
				ALWAYS_EMBED_SWIFT_STANDARD_LIBRARIES = YES;
				CODE_SIGN_STYLE = Automatic;
				CURRENT_PROJECT_VERSION = 1;
				DEVELOPMENT_TEAM = 66WJ77VJ88;
				GENERATE_INFOPLIST_FILE = YES;
				MARKETING_VERSION = 1.0;
				PRODUCT_BUNDLE_IDENTIFIER = learn.TaskManagerUITests;
				PRODUCT_NAME = "$(TARGET_NAME)";
				SWIFT_EMIT_LOC_STRINGS = NO;
				SWIFT_VERSION = 5.0;
				TARGETED_DEVICE_FAMILY = "1,2";
				TEST_TARGET_NAME = TaskManager;
			};
			name = Debug;
		};
		F5816526283E589E008E7CA2 /* Release */ = {
			isa = XCBuildConfiguration;
			buildSettings = {
				ALWAYS_EMBED_SWIFT_STANDARD_LIBRARIES = YES;
				CODE_SIGN_STYLE = Automatic;
				CURRENT_PROJECT_VERSION = 1;
				DEVELOPMENT_TEAM = 66WJ77VJ88;
				GENERATE_INFOPLIST_FILE = YES;
				MARKETING_VERSION = 1.0;
				PRODUCT_BUNDLE_IDENTIFIER = learn.TaskManagerUITests;
				PRODUCT_NAME = "$(TARGET_NAME)";
				SWIFT_EMIT_LOC_STRINGS = NO;
				SWIFT_VERSION = 5.0;
				TARGETED_DEVICE_FAMILY = "1,2";
				TEST_TARGET_NAME = TaskManager;
			};
			name = Release;
		};
/* End XCBuildConfiguration section */

/* Begin XCConfigurationList section */
		F58164F0283E589D008E7CA2 /* Build configuration list for PBXProject "TaskManager" */ = {
			isa = XCConfigurationList;
			buildConfigurations = (
				F581651C283E589E008E7CA2 /* Debug */,
				F581651D283E589E008E7CA2 /* Release */,
			);
			defaultConfigurationIsVisible = 0;
			defaultConfigurationName = Release;
		};
		F581651E283E589E008E7CA2 /* Build configuration list for PBXNativeTarget "TaskManager" */ = {
			isa = XCConfigurationList;
			buildConfigurations = (
				F581651F283E589E008E7CA2 /* Debug */,
				F5816520283E589E008E7CA2 /* Release */,
			);
			defaultConfigurationIsVisible = 0;
			defaultConfigurationName = Release;
		};
		F5816521283E589E008E7CA2 /* Build configuration list for PBXNativeTarget "TaskManagerTests" */ = {
			isa = XCConfigurationList;
			buildConfigurations = (
				F5816522283E589E008E7CA2 /* Debug */,
				F5816523283E589E008E7CA2 /* Release */,
			);
			defaultConfigurationIsVisible = 0;
			defaultConfigurationName = Release;
		};
		F5816524283E589E008E7CA2 /* Build configuration list for PBXNativeTarget "TaskManagerUITests" */ = {
			isa = XCConfigurationList;
			buildConfigurations = (
				F5816525283E589E008E7CA2 /* Debug */,
				F5816526283E589E008E7CA2 /* Release */,
			);
			defaultConfigurationIsVisible = 0;
			defaultConfigurationName = Release;
		};
/* End XCConfigurationList section */

/* Begin XCVersionGroup section */
		F5816503283E589E008E7CA2 /* TaskManager.xcdatamodeld */ = {
			isa = XCVersionGroup;
			children = (
				F5816504283E589E008E7CA2 /* TaskManager.xcdatamodel */,
			);
			currentVersion = F5816504283E589E008E7CA2 /* TaskManager.xcdatamodel */;
			path = TaskManager.xcdatamodeld;
			sourceTree = "<group>";
			versionGroupType = wrapper.xcdatamodel;
		};
/* End XCVersionGroup section */
	};
	rootObject = F58164ED283E589D008E7CA2 /* Project object */;
}
